
Microsoft Visual Studio Solution File, Format Version 12.00
# Visual Studio 15
VisualStudioVersion = 15.0.28307.902
MinimumVisualStudioVersion = 10.0.40219.1
Project("{FAE04EC0-301F-11D3-BF4B-00C04F79EFBC}") = "Simulation_attempt2", "Simulation_attempt2\Simulation_attempt2.csproj", "{4997D6D4-8A5F-4C7F-B178-633B259FAC2A}"
EndProject
Global
	GlobalSection(SolutionConfigurationPlatforms) = preSolution
		Debug|Any CPU = Debug|Any CPU
		Release|Any CPU = Release|Any CPU
	EndGlobalSection
	GlobalSection(ProjectConfigurationPlatforms) = postSolution
		{4997D6D4-8A5F-4C7F-B178-633B259FAC2A}.Debug|Any CPU.ActiveCfg = Debug|Any CPU
		{4997D6D4-8A5F-4C7F-B178-633B259FAC2A}.Debug|Any CPU.Build.0 = Debug|Any CPU
		{4997D6D4-8A5F-4C7F-B178-633B259FAC2A}.Release|Any CPU.ActiveCfg = Release|Any CPU
		{4997D6D4-8A5F-4C7F-B178-633B259FAC2A}.Release|Any CPU.Build.0 = Release|Any CPU
	EndGlobalSection
	GlobalSection(SolutionProperties) = preSolution
		HideSolutionNode = FALSE
	EndGlobalSection
	GlobalSection(ExtensibilityGlobals) = postSolution
		SolutionGuid = {8AFAE80F-62ED-40C7-A91F-690AA1360023}
	EndGlobalSection
EndGlobal
